
Microsoft Visual Studio Solution File, Format Version 12.00
# Visual Studio Version 16
VisualStudioVersion = 16.0.29409.12
MinimumVisualStudioVersion = 10.0.40219.1
Project("{FAE04EC0-301F-11D3-BF4B-00C04F79EFBC}") = "Crud.Webapi", "Crud.Webapi\Crud.Webapi.csproj", "{F7B00556-5343-49A7-9292-C6B37A2CE366}"
EndProject
Global
	GlobalSection(SolutionConfigurationPlatforms) = preSolution
		Debug|Any CPU = Debug|Any CPU
		Release|Any CPU = Release|Any CPU
	EndGlobalSection
	GlobalSection(ProjectConfigurationPlatforms) = postSolution
		{F7B00556-5343-49A7-9292-C6B37A2CE366}.Debug|Any CPU.ActiveCfg = Debug|Any CPU
		{F7B00556-5343-49A7-9292-C6B37A2CE366}.Debug|Any CPU.Build.0 = Debug|Any CPU
		{F7B00556-5343-49A7-9292-C6B37A2CE366}.Release|Any CPU.ActiveCfg = Release|Any CPU
		{F7B00556-5343-49A7-9292-C6B37A2CE366}.Release|Any CPU.Build.0 = Release|Any CPU
	EndGlobalSection
	GlobalSection(SolutionProperties) = preSolution
		HideSolutionNode = FALSE
	EndGlobalSection
	GlobalSection(ExtensibilityGlobals) = postSolution
		SolutionGuid = {8837B685-37F5-4E02-B6B4-B5EDA5768280}
	EndGlobalSection
EndGlobal
